// !$*UTF8*$!
{
	archiveVersion = 1;
	classes = {
	};
	objectVersion = 46;
	objects = {

/* Begin PBXBuildFile section */
		178079A8263970D58907643F /* Pods_AlamofireLeakage.framework in Frameworks */ = {isa = PBXBuildFile; fileRef = 48E598D455FA7F143526A8F1 /* Pods_AlamofireLeakage.framework */; };
		4CCAD04B1C0251A500F9FB95 /* AppDelegate.swift in Sources */ = {isa = PBXBuildFile; fileRef = 4CCAD04A1C0251A500F9FB95 /* AppDelegate.swift */; };
		4CCAD04D1C0251A500F9FB95 /* ViewController.swift in Sources */ = {isa = PBXBuildFile; fileRef = 4CCAD04C1C0251A500F9FB95 /* ViewController.swift */; };
		4CCAD0521C0251A500F9FB95 /* Assets.xcassets in Resources */ = {isa = PBXBuildFile; fileRef = 4CCAD0511C0251A500F9FB95 /* Assets.xcassets */; };
		4CCAD0551C0251A500F9FB95 /* LaunchScreen.storyboard in Resources */ = {isa = PBXBuildFile; fileRef = 4CCAD0531C0251A500F9FB95 /* LaunchScreen.storyboard */; };
/* End PBXBuildFile section */

/* Begin PBXFileReference section */
		16CEC9A7DF32266EE4F71018 /* Pods-AlamofireLeakage.debug.xcconfig */ = {isa = PBXFileReference; includeInIndex = 1; lastKnownFileType = text.xcconfig; name = "Pods-AlamofireLeakage.debug.xcconfig"; path = "Pods/Target Support Files/Pods-AlamofireLeakage/Pods-AlamofireLeakage.debug.xcconfig"; sourceTree = "<group>"; };
		48E598D455FA7F143526A8F1 /* Pods_AlamofireLeakage.framework */ = {isa = PBXFileReference; explicitFileType = wrapper.framework; includeInIndex = 0; path = Pods_AlamofireLeakage.framework; sourceTree = BUILT_PRODUCTS_DIR; };
		4CCAD0471C0251A500F9FB95 /* AlamofireLeakage.app */ = {isa = PBXFileReference; explicitFileType = wrapper.application; includeInIndex = 0; path = AlamofireLeakage.app; sourceTree = BUILT_PRODUCTS_DIR; };
		4CCAD04A1C0251A500F9FB95 /* AppDelegate.swift */ = {isa = PBXFileReference; lastKnownFileType = sourcecode.swift; path = AppDelegate.swift; sourceTree = "<group>"; };
		4CCAD04C1C0251A500F9FB95 /* ViewController.swift */ = {isa = PBXFileReference; lastKnownFileType = sourcecode.swift; path = ViewController.swift; sourceTree = "<group>"; };
		4CCAD0511C0251A500F9FB95 /* Assets.xcassets */ = {isa = PBXFileReference; lastKnownFileType = folder.assetcatalog; path = Assets.xcassets; sourceTree = "<group>"; };
		4CCAD0541C0251A500F9FB95 /* Base */ = {isa = PBXFileReference; lastKnownFileType = file.storyboard; name = Base; path = Base.lproj/LaunchScreen.storyboard; sourceTree = "<group>"; };
		4CCAD0561C0251A500F9FB95 /* Info.plist */ = {isa = PBXFileReference; lastKnownFileType = text.plist.xml; path = Info.plist; sourceTree = "<group>"; };
		A3B721EA2F007DF3D5830C9D /* Pods-AlamofireLeakage.release.xcconfig */ = {isa = PBXFileReference; includeInIndex = 1; lastKnownFileType = text.xcconfig; name = "Pods-AlamofireLeakage.release.xcconfig"; path = "Pods/Target Support Files/Pods-AlamofireLeakage/Pods-AlamofireLeakage.release.xcconfig"; sourceTree = "<group>"; };
/* End PBXFileReference section */

/* Begin PBXFrameworksBuildPhase section */
		4CCAD0441C0251A500F9FB95 /* Frameworks */ = {
			isa = PBXFrameworksBuildPhase;
			buildActionMask = 2147483647;
			files = (
				178079A8263970D58907643F /* Pods_AlamofireLeakage.framework in Frameworks */,
			);
			runOnlyForDeploymentPostprocessing = 0;
		};
/* End PBXFrameworksBuildPhase section */

/* Begin PBXGroup section */
		235B3EC957AA4452DFDB3A1D /* Pods */ = {
			isa = PBXGroup;
			children = (
				16CEC9A7DF32266EE4F71018 /* Pods-AlamofireLeakage.debug.xcconfig */,
				A3B721EA2F007DF3D5830C9D /* Pods-AlamofireLeakage.release.xcconfig */,
			);
			name = Pods;
			sourceTree = "<group>";
		};
		4CCAD03E1C0251A500F9FB95 = {
			isa = PBXGroup;
			children = (
				4CCAD0491C0251A500F9FB95 /* AlamofireLeakage */,
				4CCAD0481C0251A500F9FB95 /* Products */,
				235B3EC957AA4452DFDB3A1D /* Pods */,
				78C9D3B5C7579DAD78D2F145 /* Frameworks */,
			);
			sourceTree = "<group>";
		};
		4CCAD0481C0251A500F9FB95 /* Products */ = {
			isa = PBXGroup;
			children = (
				4CCAD0471C0251A500F9FB95 /* AlamofireLeakage.app */,
			);
			name = Products;
			sourceTree = "<group>";
		};
		4CCAD0491C0251A500F9FB95 /* AlamofireLeakage */ = {
			isa = PBXGroup;
			children = (
				4CCAD04A1C0251A500F9FB95 /* AppDelegate.swift */,
				4CCAD04C1C0251A500F9FB95 /* ViewController.swift */,
				4CCAD05C1C02522A00F9FB95 /* Supporting Files */,
			);
			path = AlamofireLeakage;
			sourceTree = "<group>";
		};
		4CCAD05C1C02522A00F9FB95 /* Supporting Files */ = {
			isa = PBXGroup;
			children = (
				4CCAD0511C0251A500F9FB95 /* Assets.xcassets */,
				4CCAD0531C0251A500F9FB95 /* LaunchScreen.storyboard */,
				4CCAD0561C0251A500F9FB95 /* Info.plist */,
			);
			name = "Supporting Files";
			sourceTree = "<group>";
		};
		78C9D3B5C7579DAD78D2F145 /* Frameworks */ = {
			isa = PBXGroup;
			children = (
				48E598D455FA7F143526A8F1 /* Pods_AlamofireLeakage.framework */,
			);
			name = Frameworks;
			sourceTree = "<group>";
		};
/* End PBXGroup section */

/* Begin PBXNativeTarget section */
		4CCAD0461C0251A500F9FB95 /* AlamofireLeakage */ = {
			isa = PBXNativeTarget;
			buildConfigurationList = 4CCAD0591C0251A500F9FB95 /* Build configuration list for PBXNativeTarget "AlamofireLeakage" */;
			buildPhases = (
				647037F147024AF050D08B26 /* Check Pods Manifest.lock */,
				4CCAD0431C0251A500F9FB95 /* Sources */,
				4CCAD0441C0251A500F9FB95 /* Frameworks */,
				4CCAD0451C0251A500F9FB95 /* Resources */,
				798ADD185A77C4AC6F42423E /* Embed Pods Frameworks */,
				2F972620C82B782E2A014F96 /* Copy Pods Resources */,
			);
			buildRules = (
			);
			dependencies = (
			);
			name = AlamofireLeakage;
			productName = AlamofireLeakage;
			productReference = 4CCAD0471C0251A500F9FB95 /* AlamofireLeakage.app */;
			productType = "com.apple.product-type.application";
		};
/* End PBXNativeTarget section */

/* Begin PBXProject section */
		4CCAD03F1C0251A500F9FB95 /* Project object */ = {
			isa = PBXProject;
			attributes = {
				LastSwiftUpdateCheck = 0710;
				LastUpgradeCheck = 0710;
				ORGANIZATIONNAME = Noondev;
				TargetAttributes = {
					4CCAD0461C0251A500F9FB95 = {
						CreatedOnToolsVersion = 7.1.1;
					};
				};
			};
			buildConfigurationList = 4CCAD0421C0251A500F9FB95 /* Build configuration list for PBXProject "AlamofireLeakage" */;
			compatibilityVersion = "Xcode 3.2";
			developmentRegion = English;
			hasScannedForEncodings = 0;
			knownRegions = (
				en,
				Base,
			);
			mainGroup = 4CCAD03E1C0251A500F9FB95;
			productRefGroup = 4CCAD0481C0251A500F9FB95 /* Products */;
			projectDirPath = "";
			projectRoot = "";
			targets = (
				4CCAD0461C0251A500F9FB95 /* AlamofireLeakage */,
			);
		};
/* End PBXProject section */

/* Begin PBXResourcesBuildPhase section */
		4CCAD0451C0251A500F9FB95 /* Resources */ = {
			isa = PBXResourcesBuildPhase;
			buildActionMask = 2147483647;
			files = (
				4CCAD0551C0251A500F9FB95 /* LaunchScreen.storyboard in Resources */,
				4CCAD0521C0251A500F9FB95 /* Assets.xcassets in Resources */,
			);
			runOnlyForDeploymentPostprocessing = 0;
		};
/* End PBXResourcesBuildPhase section */

/* Begin PBXShellScriptBuildPhase section */
		2F972620C82B782E2A014F96 /* Copy Pods Resources */ = {
			isa = PBXShellScriptBuildPhase;
			buildActionMask = 2147483647;
			files = (
			);
			inputPaths = (
			);
			name = "Copy Pods Resources";
			outputPaths = (
			);
			runOnlyForDeploymentPostprocessing = 0;
			shellPath = /bin/sh;
			shellScript = "\"${SRCROOT}/Pods/Target Support Files/Pods-AlamofireLeakage/Pods-AlamofireLeakage-resources.sh\"\n";
			showEnvVarsInLog = 0;
		};
		647037F147024AF050D08B26 /* Check Pods Manifest.lock */ = {
			isa = PBXShellScriptBuildPhase;
			buildActionMask = 2147483647;
			files = (
			);
			inputPaths = (
			);
			name = "Check Pods Manifest.lock";
			outputPaths = (
			);
			runOnlyForDeploymentPostprocessing = 0;
			shellPath = /bin/sh;
			shellScript = "diff \"${PODS_ROOT}/../Podfile.lock\" \"${PODS_ROOT}/Manifest.lock\" > /dev/null\nif [[ $? != 0 ]] ; then\n    cat << EOM\nerror: The sandbox is not in sync with the Podfile.lock. Run 'pod install' or update your CocoaPods installation.\nEOM\n    exit 1\nfi\n";
			showEnvVarsInLog = 0;
		};
		798ADD185A77C4AC6F42423E /* Embed Pods Frameworks */ = {
			isa = PBXShellScriptBuildPhase;
			buildActionMask = 2147483647;
			files = (
			);
			inputPaths = (
			);
			name = "Embed Pods Frameworks";
			outputPaths = (
			);
			runOnlyForDeploymentPostprocessing = 0;
			shellPath = /bin/sh;
			shellScript = "\"${SRCROOT}/Pods/Target Support Files/Pods-AlamofireLeakage/Pods-AlamofireLeakage-frameworks.sh\"\n";
			showEnvVarsInLog = 0;
		};
/* End PBXShellScriptBuildPhase section */

/* Begin PBXSourcesBuildPhase section */
		4CCAD0431C0251A500F9FB95 /* Sources */ = {
			isa = PBXSourcesBuildPhase;
			buildActionMask = 2147483647;
			files = (
				4CCAD04D1C0251A500F9FB95 /* ViewController.swift in Sources */,
				4CCAD04B1C0251A500F9FB95 /* AppDelegate.swift in Sources */,
			);
			runOnlyForDeploymentPostprocessing = 0;
		};
/* End PBXSourcesBuildPhase section */

/* Begin PBXVariantGroup section */
		4CCAD0531C0251A500F9FB95 /* LaunchScreen.storyboard */ = {
			isa = PBXVariantGroup;
			children = (
				4CCAD0541C0251A500F9FB95 /* Base */,
			);
			name = LaunchScreen.storyboard;
			sourceTree = "<group>";
		};
/* End PBXVariantGroup section */

/* Begin XCBuildConfiguration section */
		4CCAD0571C0251A500F9FB95 /* Debug */ = {
			isa = XCBuildConfiguration;
			buildSettings = {
				ALWAYS_SEARCH_USER_PATHS = NO;
				CLANG_CXX_LANGUAGE_STANDARD = "gnu++0x";
				CLANG_CXX_LIBRARY = "libc++";
				CLANG_ENABLE_MODULES = YES;
				CLANG_ENABLE_OBJC_ARC = YES;
				CLANG_WARN_BOOL_CONVERSION = YES;
				CLANG_WARN_CONSTANT_CONVERSION = YES;
				CLANG_WARN_DIRECT_OBJC_ISA_USAGE = YES_ERROR;
				CLANG_WARN_EMPTY_BODY = YES;
				CLANG_WARN_ENUM_CONVERSION = YES;
				CLANG_WARN_INT_CONVERSION = YES;
				CLANG_WARN_OBJC_ROOT_CLASS = YES_ERROR;
				CLANG_WARN_UNREACHABLE_CODE = YES;
				CLANG_WARN__DUPLICATE_METHOD_MATCH = YES;
				"CODE_SIGN_IDENTITY[sdk=iphoneos*]" = "iPhone Developer";
				COPY_PHASE_STRIP = NO;
				DEBUG_INFORMATION_FORMAT = dwarf;
				ENABLE_STRICT_OBJC_MSGSEND = YES;
				ENABLE_TESTABILITY = YES;
				GCC_C_LANGUAGE_STANDARD = gnu99;
				GCC_DYNAMIC_NO_PIC = NO;
				GCC_NO_COMMON_BLOCKS = YES;
				GCC_OPTIMIZATION_LEVEL = 0;
				GCC_PREPROCESSOR_DEFINITIONS = (
					"DEBUG=1",
					"$(inherited)",
				);
				GCC_WARN_64_TO_32_BIT_CONVERSION = YES;
				GCC_WARN_ABOUT_RETURN_TYPE = YES_ERROR;
				GCC_WARN_UNDECLARED_SELECTOR = YES;
				GCC_WARN_UNINITIALIZED_AUTOS = YES_AGGRESSIVE;
				GCC_WARN_UNUSED_FUNCTION = YES;
				GCC_WARN_UNUSED_VARIABLE = YES;
				IPHONEOS_DEPLOYMENT_TARGET = 9.1;
				MTL_ENABLE_DEBUG_INFO = YES;
				ONLY_ACTIVE_ARCH = YES;
				SDKROOT = iphoneos;
				SWIFT_OPTIMIZATION_LEVEL = "-Onone";
			};
			name = Debug;
		};
		4CCAD0581C0251A500F9FB95 /* Release */ = {
			isa = XCBuildConfiguration;
			buildSettings = {
				ALWAYS_SEARCH_USER_PATHS = NO;
				CLANG_CXX_LANGUAGE_STANDARD = "gnu++0x";
				CLANG_CXX_LIBRARY = "libc++";
				CLANG_ENABLE_MODULES = YES;
				CLANG_ENABLE_OBJC_ARC = YES;
				CLANG_WARN_BOOL_CONVERSION = YES;
				CLANG_WARN_CONSTANT_CONVERSION = YES;
				CLANG_WARN_DIRECT_OBJC_ISA_USAGE = YES_ERROR;
				CLANG_WARN_EMPTY_BODY = YES;
				CLANG_WARN_ENUM_CONVERSION = YES;
				CLANG_WARN_INT_CONVERSION = YES;
				CLANG_WARN_OBJC_ROOT_CLASS = YES_ERROR;
				CLANG_WARN_UNREACHABLE_CODE = YES;
				CLANG_WARN__DUPLICATE_METHOD_MATCH = YES;
				"CODE_SIGN_IDENTITY[sdk=iphoneos*]" = "iPhone Developer";
				COPY_PHASE_STRIP = NO;
				DEBUG_INFORMATION_FORMAT = "dwarf-with-dsym";
				ENABLE_NS_ASSERTIONS = NO;
				ENABLE_STRICT_OBJC_MSGSEND = YES;
				GCC_C_LANGUAGE_STANDARD = gnu99;
				GCC_NO_COMMON_BLOCKS = YES;
				GCC_WARN_64_TO_32_BIT_CONVERSION = YES;
				GCC_WARN_ABOUT_RETURN_TYPE = YES_ERROR;
				GCC_WARN_UNDECLARED_SELECTOR = YES;
				GCC_WARN_UNINITIALIZED_AUTOS = YES_AGGRESSIVE;
				GCC_WARN_UNUSED_FUNCTION = YES;
				GCC_WARN_UNUSED_VARIABLE = YES;
				IPHONEOS_DEPLOYMENT_TARGET = 9.1;
				MTL_ENABLE_DEBUG_INFO = NO;
				SDKROOT = iphoneos;
				VALIDATE_PRODUCT = YES;
			};
			name = Release;
		};
		4CCAD05A1C0251A500F9FB95 /* Debug */ = {
			isa = XCBuildConfiguration;
			baseConfigurationReference = 16CEC9A7DF32266EE4F71018 /* Pods-AlamofireLeakage.debug.xcconfig */;
			buildSettings = {
				ASSETCATALOG_COMPILER_APPICON_NAME = AppIcon;
				INFOPLIST_FILE = AlamofireLeakage/Info.plist;
				IPHONEOS_DEPLOYMENT_TARGET = 8.0;
				LD_RUNPATH_SEARCH_PATHS = "$(inherited) @executable_path/Frameworks";
				PRODUCT_BUNDLE_IDENTIFIER = com.cnoon.AlamofireLeakage;
				PRODUCT_NAME = "$(TARGET_NAME)";
			};
			name = Debug;
		};
		4CCAD05B1C0251A500F9FB95 /* Release */ = {
			isa = XCBuildConfiguration;
			baseConfigurationReference = A3B721EA2F007DF3D5830C9D /* Pods-AlamofireLeakage.release.xcconfig */;
			buildSettings = {
				ASSETCATALOG_COMPILER_APPICON_NAME = AppIcon;
				INFOPLIST_FILE = AlamofireLeakage/Info.plist;
				IPHONEOS_DEPLOYMENT_TARGET = 8.0;
				LD_RUNPATH_SEARCH_PATHS = "$(inherited) @executable_path/Frameworks";
				PRODUCT_BUNDLE_IDENTIFIER = com.cnoon.AlamofireLeakage;
				PRODUCT_NAME = "$(TARGET_NAME)";
			};
			name = Release;
		};
/* End XCBuildConfiguration section */

/* Begin XCConfigurationList section */
		4CCAD0421C0251A500F9FB95 /* Build configuration list for PBXProject "AlamofireLeakage" */ = {
			isa = XCConfigurationList;
			buildConfigurations = (
				4CCAD0571C0251A500F9FB95 /* Debug */,
				4CCAD0581C0251A500F9FB95 /* Release */,
			);
			defaultConfigurationIsVisible = 0;
			defaultConfigurationName = Release;
		};
		4CCAD0591C0251A500F9FB95 /* Build configuration list for PBXNativeTarget "AlamofireLeakage" */ = {
			isa = XCConfigurationList;
			buildConfigurations = (
				4CCAD05A1C0251A500F9FB95 /* Debug */,
				4CCAD05B1C0251A500F9FB95 /* Release */,
			);
			defaultConfigurationIsVisible = 0;
			defaultConfigurationName = Release;
		};
/* End XCConfigurationList section */
	};
	rootObject = 4CCAD03F1C0251A500F9FB95 /* Project object */;
}
